// !$*UTF8*$!
{
	archiveVersion = 1;
	classes = {
	};
	objectVersion = 48;
	objects = {

/* Begin PBXBuildFile section */
		B3213B92200894B200322922 /* MixpanelDate.swift in Sources */ = {isa = PBXBuildFile; fileRef = B3213B91200894B200322922 /* MixpanelDate.swift */; };
		B3213B96200CAA8E00322922 /* CheckFileDragView.swift in Sources */ = {isa = PBXBuildFile; fileRef = B3213B95200CAA8E00322922 /* CheckFileDragView.swift */; };
		B38DE9BB200746F00074B378 /* AppDelegate.swift in Sources */ = {isa = PBXBuildFile; fileRef = B38DE9BA200746F00074B378 /* AppDelegate.swift */; };
		B38DE9BD200746F00074B378 /* ViewController.swift in Sources */ = {isa = PBXBuildFile; fileRef = B38DE9BC200746F00074B378 /* ViewController.swift */; };
		B38DE9BF200746F00074B378 /* Assets.xcassets in Resources */ = {isa = PBXBuildFile; fileRef = B38DE9BE200746F00074B378 /* Assets.xcassets */; };
		B38DE9C2200746F00074B378 /* Main.storyboard in Resources */ = {isa = PBXBuildFile; fileRef = B38DE9C0200746F00074B378 /* Main.storyboard */; };
		B38DE9CE200746F10074B378 /* EPCMixpanelDataAnalysisToolTests.swift in Sources */ = {isa = PBXBuildFile; fileRef = B38DE9CD200746F10074B378 /* EPCMixpanelDataAnalysisToolTests.swift */; };
		B38DE9D9200746F10074B378 /* EPCMixpanelDataAnalysisToolUITests.swift in Sources */ = {isa = PBXBuildFile; fileRef = B38DE9D8200746F10074B378 /* EPCMixpanelDataAnalysisToolUITests.swift */; };
		B3E4F818200751BC00D0CFFD /* EPCMixpanelDataAnalysisTool.swift in Sources */ = {isa = PBXBuildFile; fileRef = B3E4F817200751BC00D0CFFD /* EPCMixpanelDataAnalysisTool.swift */; };
		B3E4F81C2007523700D0CFFD /* SwiftyJSON.framework in Frameworks */ = {isa = PBXBuildFile; fileRef = B3E4F81B2007523700D0CFFD /* SwiftyJSON.framework */; };
		B3E4F820200752AD00D0CFFD /* Macros.swift in Sources */ = {isa = PBXBuildFile; fileRef = B3E4F81F200752AD00D0CFFD /* Macros.swift */; };
		B3E4F822200772D100D0CFFD /* mixpanel_1.json in Resources */ = {isa = PBXBuildFile; fileRef = B3E4F821200772D100D0CFFD /* mixpanel_1.json */; };
/* End PBXBuildFile section */

/* Begin PBXContainerItemProxy section */
		B38DE9CA200746F10074B378 /* PBXContainerItemProxy */ = {
			isa = PBXContainerItemProxy;
			containerPortal = B38DE9AF200746F00074B378 /* Project object */;
			proxyType = 1;
			remoteGlobalIDString = B38DE9B6200746F00074B378;
			remoteInfo = EPCMixpanelDataAnalysisTool;
		};
		B38DE9D5200746F10074B378 /* PBXContainerItemProxy */ = {
			isa = PBXContainerItemProxy;
			containerPortal = B38DE9AF200746F00074B378 /* Project object */;
			proxyType = 1;
			remoteGlobalIDString = B38DE9B6200746F00074B378;
			remoteInfo = EPCMixpanelDataAnalysisTool;
		};
/* End PBXContainerItemProxy section */

/* Begin PBXFileReference section */
		B3213B91200894B200322922 /* MixpanelDate.swift */ = {isa = PBXFileReference; lastKnownFileType = sourcecode.swift; path = MixpanelDate.swift; sourceTree = "<group>"; };
		B3213B95200CAA8E00322922 /* CheckFileDragView.swift */ = {isa = PBXFileReference; lastKnownFileType = sourcecode.swift; path = CheckFileDragView.swift; sourceTree = "<group>"; };
		B38DE9B7200746F00074B378 /* EPCMixpanelDataAnalysisTool.app */ = {isa = PBXFileReference; explicitFileType = wrapper.application; includeInIndex = 0; path = EPCMixpanelDataAnalysisTool.app; sourceTree = BUILT_PRODUCTS_DIR; };
		B38DE9BA200746F00074B378 /* AppDelegate.swift */ = {isa = PBXFileReference; lastKnownFileType = sourcecode.swift; path = AppDelegate.swift; sourceTree = "<group>"; };
		B38DE9BC200746F00074B378 /* ViewController.swift */ = {isa = PBXFileReference; lastKnownFileType = sourcecode.swift; path = ViewController.swift; sourceTree = "<group>"; };
		B38DE9BE200746F00074B378 /* Assets.xcassets */ = {isa = PBXFileReference; lastKnownFileType = folder.assetcatalog; path = Assets.xcassets; sourceTree = "<group>"; };
		B38DE9C1200746F00074B378 /* Base */ = {isa = PBXFileReference; lastKnownFileType = file.storyboard; name = Base; path = Base.lproj/Main.storyboard; sourceTree = "<group>"; };
		B38DE9C3200746F00074B378 /* Info.plist */ = {isa = PBXFileReference; lastKnownFileType = text.plist.xml; path = Info.plist; sourceTree = "<group>"; };
		B38DE9C4200746F00074B378 /* EPCMixpanelDataAnalysisTool.entitlements */ = {isa = PBXFileReference; lastKnownFileType = text.plist.entitlements; path = EPCMixpanelDataAnalysisTool.entitlements; sourceTree = "<group>"; };
		B38DE9C9200746F10074B378 /* EPCMixpanelDataAnalysisToolTests.xctest */ = {isa = PBXFileReference; explicitFileType = wrapper.cfbundle; includeInIndex = 0; path = EPCMixpanelDataAnalysisToolTests.xctest; sourceTree = BUILT_PRODUCTS_DIR; };
		B38DE9CD200746F10074B378 /* EPCMixpanelDataAnalysisToolTests.swift */ = {isa = PBXFileReference; lastKnownFileType = sourcecode.swift; path = EPCMixpanelDataAnalysisToolTests.swift; sourceTree = "<group>"; };
		B38DE9CF200746F10074B378 /* Info.plist */ = {isa = PBXFileReference; lastKnownFileType = text.plist.xml; path = Info.plist; sourceTree = "<group>"; };
		B38DE9D4200746F10074B378 /* EPCMixpanelDataAnalysisToolUITests.xctest */ = {isa = PBXFileReference; explicitFileType = wrapper.cfbundle; includeInIndex = 0; path = EPCMixpanelDataAnalysisToolUITests.xctest; sourceTree = BUILT_PRODUCTS_DIR; };
		B38DE9D8200746F10074B378 /* EPCMixpanelDataAnalysisToolUITests.swift */ = {isa = PBXFileReference; lastKnownFileType = sourcecode.swift; path = EPCMixpanelDataAnalysisToolUITests.swift; sourceTree = "<group>"; };
		B38DE9DA200746F10074B378 /* Info.plist */ = {isa = PBXFileReference; lastKnownFileType = text.plist.xml; path = Info.plist; sourceTree = "<group>"; };
		B3E4F817200751BC00D0CFFD /* EPCMixpanelDataAnalysisTool.swift */ = {isa = PBXFileReference; fileEncoding = 4; lastKnownFileType = sourcecode.swift; path = EPCMixpanelDataAnalysisTool.swift; sourceTree = "<group>"; };
		B3E4F81B2007523700D0CFFD /* SwiftyJSON.framework */ = {isa = PBXFileReference; lastKnownFileType = wrapper.framework; name = SwiftyJSON.framework; path = Carthage/Build/Mac/SwiftyJSON.framework; sourceTree = "<group>"; };
		B3E4F81F200752AD00D0CFFD /* Macros.swift */ = {isa = PBXFileReference; lastKnownFileType = sourcecode.swift; path = Macros.swift; sourceTree = "<group>"; };
		B3E4F821200772D100D0CFFD /* mixpanel_1.json */ = {isa = PBXFileReference; fileEncoding = 4; lastKnownFileType = text.json; path = mixpanel_1.json; sourceTree = "<group>"; };
/* End PBXFileReference section */

/* Begin PBXFrameworksBuildPhase section */
		B38DE9B4200746F00074B378 /* Frameworks */ = {
			isa = PBXFrameworksBuildPhase;
			buildActionMask = 2147483647;
			files = (
				B3E4F81C2007523700D0CFFD /* SwiftyJSON.framework in Frameworks */,
			);
			runOnlyForDeploymentPostprocessing = 0;
		};
		B38DE9C6200746F10074B378 /* Frameworks */ = {
			isa = PBXFrameworksBuildPhase;
			buildActionMask = 2147483647;
			files = (
			);
			runOnlyForDeploymentPostprocessing = 0;
		};
		B38DE9D1200746F10074B378 /* Frameworks */ = {
			isa = PBXFrameworksBuildPhase;
			buildActionMask = 2147483647;
			files = (
			);
			runOnlyForDeploymentPostprocessing = 0;
		};
/* End PBXFrameworksBuildPhase section */

/* Begin PBXGroup section */
		B38DE9AE200746F00074B378 = {
			isa = PBXGroup;
			children = (
				B38DE9B9200746F00074B378 /* EPCMixpanelDataAnalysisTool */,
				B38DE9CC200746F10074B378 /* EPCMixpanelDataAnalysisToolTests */,
				B38DE9D7200746F10074B378 /* EPCMixpanelDataAnalysisToolUITests */,
				B38DE9B8200746F00074B378 /* Products */,
				B3E4F81A2007523700D0CFFD /* Frameworks */,
			);
			sourceTree = "<group>";
		};
		B38DE9B8200746F00074B378 /* Products */ = {
			isa = PBXGroup;
			children = (
				B38DE9B7200746F00074B378 /* EPCMixpanelDataAnalysisTool.app */,
				B38DE9C9200746F10074B378 /* EPCMixpanelDataAnalysisToolTests.xctest */,
				B38DE9D4200746F10074B378 /* EPCMixpanelDataAnalysisToolUITests.xctest */,
			);
			name = Products;
			sourceTree = "<group>";
		};
		B38DE9B9200746F00074B378 /* EPCMixpanelDataAnalysisTool */ = {
			isa = PBXGroup;
			children = (
				B3E4F81E2007529100D0CFFD /* New Group */,
				B38DE9BA200746F00074B378 /* AppDelegate.swift */,
				B38DE9BC200746F00074B378 /* ViewController.swift */,
				B38DE9BE200746F00074B378 /* Assets.xcassets */,
				B38DE9C0200746F00074B378 /* Main.storyboard */,
				B38DE9C3200746F00074B378 /* Info.plist */,
				B3E4F821200772D100D0CFFD /* mixpanel_1.json */,
				B38DE9C4200746F00074B378 /* EPCMixpanelDataAnalysisTool.entitlements */,
				B3213B95200CAA8E00322922 /* CheckFileDragView.swift */,
			);
			path = EPCMixpanelDataAnalysisTool;
			sourceTree = "<group>";
		};
		B38DE9CC200746F10074B378 /* EPCMixpanelDataAnalysisToolTests */ = {
			isa = PBXGroup;
			children = (
				B38DE9CD200746F10074B378 /* EPCMixpanelDataAnalysisToolTests.swift */,
				B38DE9CF200746F10074B378 /* Info.plist */,
			);
			path = EPCMixpanelDataAnalysisToolTests;
			sourceTree = "<group>";
		};
		B38DE9D7200746F10074B378 /* EPCMixpanelDataAnalysisToolUITests */ = {
			isa = PBXGroup;
			children = (
				B38DE9D8200746F10074B378 /* EPCMixpanelDataAnalysisToolUITests.swift */,
				B38DE9DA200746F10074B378 /* Info.plist */,
			);
			path = EPCMixpanelDataAnalysisToolUITests;
			sourceTree = "<group>";
		};
		B3E4F81A2007523700D0CFFD /* Frameworks */ = {
			isa = PBXGroup;
			children = (
				B3E4F81B2007523700D0CFFD /* SwiftyJSON.framework */,
			);
			name = Frameworks;
			sourceTree = "<group>";
		};
		B3E4F81E2007529100D0CFFD /* New Group */ = {
			isa = PBXGroup;
			children = (
				B3E4F817200751BC00D0CFFD /* EPCMixpanelDataAnalysisTool.swift */,
				B3E4F81F200752AD00D0CFFD /* Macros.swift */,
				B3213B91200894B200322922 /* MixpanelDate.swift */,
			);
			path = "New Group";
			sourceTree = "<group>";
		};
/* End PBXGroup section */

/* Begin PBXNativeTarget section */
		B38DE9B6200746F00074B378 /* EPCMixpanelDataAnalysisTool */ = {
			isa = PBXNativeTarget;
			buildConfigurationList = B38DE9DD200746F10074B378 /* Build configuration list for PBXNativeTarget "EPCMixpanelDataAnalysisTool" */;
			buildPhases = (
				B38DE9B3200746F00074B378 /* Sources */,
				B38DE9B4200746F00074B378 /* Frameworks */,
				B38DE9B5200746F00074B378 /* Resources */,
				B3E4F819200751D700D0CFFD /* Carthage Script */,
			);
			buildRules = (
			);
			dependencies = (
			);
			name = EPCMixpanelDataAnalysisTool;
			productName = EPCMixpanelDataAnalysisTool;
			productReference = B38DE9B7200746F00074B378 /* EPCMixpanelDataAnalysisTool.app */;
			productType = "com.apple.product-type.application";
		};
		B38DE9C8200746F10074B378 /* EPCMixpanelDataAnalysisToolTests */ = {
			isa = PBXNativeTarget;
			buildConfigurationList = B38DE9E0200746F10074B378 /* Build configuration list for PBXNativeTarget "EPCMixpanelDataAnalysisToolTests" */;
			buildPhases = (
				B38DE9C5200746F10074B378 /* Sources */,
				B38DE9C6200746F10074B378 /* Frameworks */,
				B38DE9C7200746F10074B378 /* Resources */,
			);
			buildRules = (
			);
			dependencies = (
				B38DE9CB200746F10074B378 /* PBXTargetDependency */,
			);
			name = EPCMixpanelDataAnalysisToolTests;
			productName = EPCMixpanelDataAnalysisToolTests;
			productReference = B38DE9C9200746F10074B378 /* EPCMixpanelDataAnalysisToolTests.xctest */;
			productType = "com.apple.product-type.bundle.unit-test";
		};
		B38DE9D3200746F10074B378 /* EPCMixpanelDataAnalysisToolUITests */ = {
			isa = PBXNativeTarget;
			buildConfigurationList = B38DE9E3200746F10074B378 /* Build configuration list for PBXNativeTarget "EPCMixpanelDataAnalysisToolUITests" */;
			buildPhases = (
				B38DE9D0200746F10074B378 /* Sources */,
				B38DE9D1200746F10074B378 /* Frameworks */,
				B38DE9D2200746F10074B378 /* Resources */,
			);
			buildRules = (
			);
			dependencies = (
				B38DE9D6200746F10074B378 /* PBXTargetDependency */,
			);
			name = EPCMixpanelDataAnalysisToolUITests;
			productName = EPCMixpanelDataAnalysisToolUITests;
			productReference = B38DE9D4200746F10074B378 /* EPCMixpanelDataAnalysisToolUITests.xctest */;
			productType = "com.apple.product-type.bundle.ui-testing";
		};
/* End PBXNativeTarget section */

/* Begin PBXProject section */
		B38DE9AF200746F00074B378 /* Project object */ = {
			isa = PBXProject;
			attributes = {
				LastSwiftUpdateCheck = 0920;
				LastUpgradeCheck = 0920;
				ORGANIZATIONNAME = Expedia;
				TargetAttributes = {
					B38DE9B6200746F00074B378 = {
						CreatedOnToolsVersion = 9.2;
						ProvisioningStyle = Automatic;
						SystemCapabilities = {
							com.apple.Sandbox = {
								enabled = 0;
							};
						};
					};
					B38DE9C8200746F10074B378 = {
						CreatedOnToolsVersion = 9.2;
						ProvisioningStyle = Automatic;
						TestTargetID = B38DE9B6200746F00074B378;
					};
					B38DE9D3200746F10074B378 = {
						CreatedOnToolsVersion = 9.2;
						ProvisioningStyle = Automatic;
						TestTargetID = B38DE9B6200746F00074B378;
					};
				};
			};
			buildConfigurationList = B38DE9B2200746F00074B378 /* Build configuration list for PBXProject "EPCMixpanelDataAnalysisTool" */;
			compatibilityVersion = "Xcode 8.0";
			developmentRegion = en;
			hasScannedForEncodings = 0;
			knownRegions = (
				en,
				Base,
			);
			mainGroup = B38DE9AE200746F00074B378;
			productRefGroup = B38DE9B8200746F00074B378 /* Products */;
			projectDirPath = "";
			projectRoot = "";
			targets = (
				B38DE9B6200746F00074B378 /* EPCMixpanelDataAnalysisTool */,
				B38DE9C8200746F10074B378 /* EPCMixpanelDataAnalysisToolTests */,
				B38DE9D3200746F10074B378 /* EPCMixpanelDataAnalysisToolUITests */,
			);
		};
/* End PBXProject section */

/* Begin PBXResourcesBuildPhase section */
		B38DE9B5200746F00074B378 /* Resources */ = {
			isa = PBXResourcesBuildPhase;
			buildActionMask = 2147483647;
			files = (
				B3E4F822200772D100D0CFFD /* mixpanel_1.json in Resources */,
				B38DE9BF200746F00074B378 /* Assets.xcassets in Resources */,
				B38DE9C2200746F00074B378 /* Main.storyboard in Resources */,
			);
			runOnlyForDeploymentPostprocessing = 0;
		};
		B38DE9C7200746F10074B378 /* Resources */ = {
			isa = PBXResourcesBuildPhase;
			buildActionMask = 2147483647;
			files = (
			);
			runOnlyForDeploymentPostprocessing = 0;
		};
		B38DE9D2200746F10074B378 /* Resources */ = {
			isa = PBXResourcesBuildPhase;
			buildActionMask = 2147483647;
			files = (
			);
			runOnlyForDeploymentPostprocessing = 0;
		};
/* End PBXResourcesBuildPhase section */

/* Begin PBXShellScriptBuildPhase section */
		B3E4F819200751D700D0CFFD /* Carthage Script */ = {
			isa = PBXShellScriptBuildPhase;
			buildActionMask = 2147483647;
			files = (
			);
			inputPaths = (
				"$(SRCROOT)/Carthage/Build/Mac/SwiftyJSON.framework",
			);
			name = "Carthage Script";
			outputPaths = (
			);
			runOnlyForDeploymentPostprocessing = 0;
			shellPath = /bin/sh;
			shellScript = "/usr/local/bin/carthage copy-frameworks";
		};
/* End PBXShellScriptBuildPhase section */

/* Begin PBXSourcesBuildPhase section */
		B38DE9B3200746F00074B378 /* Sources */ = {
			isa = PBXSourcesBuildPhase;
			buildActionMask = 2147483647;
			files = (
				B3E4F820200752AD00D0CFFD /* Macros.swift in Sources */,
				B3213B96200CAA8E00322922 /* CheckFileDragView.swift in Sources */,
				B38DE9BD200746F00074B378 /* ViewController.swift in Sources */,
				B3213B92200894B200322922 /* MixpanelDate.swift in Sources */,
				B3E4F818200751BC00D0CFFD /* EPCMixpanelDataAnalysisTool.swift in Sources */,
				B38DE9BB200746F00074B378 /* AppDelegate.swift in Sources */,
			);
			runOnlyForDeploymentPostprocessing = 0;
		};
		B38DE9C5200746F10074B378 /* Sources */ = {
			isa = PBXSourcesBuildPhase;
			buildActionMask = 2147483647;
			files = (
				B38DE9CE200746F10074B378 /* EPCMixpanelDataAnalysisToolTests.swift in Sources */,
			);
			runOnlyForDeploymentPostprocessing = 0;
		};
		B38DE9D0200746F10074B378 /* Sources */ = {
			isa = PBXSourcesBuildPhase;
			buildActionMask = 2147483647;
			files = (
				B38DE9D9200746F10074B378 /* EPCMixpanelDataAnalysisToolUITests.swift in Sources */,
			);
			runOnlyForDeploymentPostprocessing = 0;
		};
/* End PBXSourcesBuildPhase section */

/* Begin PBXTargetDependency section */
		B38DE9CB200746F10074B378 /* PBXTargetDependency */ = {
			isa = PBXTargetDependency;
			target = B38DE9B6200746F00074B378 /* EPCMixpanelDataAnalysisTool */;
			targetProxy = B38DE9CA200746F10074B378 /* PBXContainerItemProxy */;
		};
		B38DE9D6200746F10074B378 /* PBXTargetDependency */ = {
			isa = PBXTargetDependency;
			target = B38DE9B6200746F00074B378 /* EPCMixpanelDataAnalysisTool */;
			targetProxy = B38DE9D5200746F10074B378 /* PBXContainerItemProxy */;
		};
/* End PBXTargetDependency section */

/* Begin PBXVariantGroup section */
		B38DE9C0200746F00074B378 /* Main.storyboard */ = {
			isa = PBXVariantGroup;
			children = (
				B38DE9C1200746F00074B378 /* Base */,
			);
			name = Main.storyboard;
			sourceTree = "<group>";
		};
/* End PBXVariantGroup section */

/* Begin XCBuildConfiguration section */
		B38DE9DB200746F10074B378 /* Debug */ = {
			isa = XCBuildConfiguration;
			buildSettings = {
				ALWAYS_SEARCH_USER_PATHS = NO;
				CLANG_ANALYZER_NONNULL = YES;
				CLANG_ANALYZER_NUMBER_OBJECT_CONVERSION = YES_AGGRESSIVE;
				CLANG_CXX_LANGUAGE_STANDARD = "gnu++14";
				CLANG_CXX_LIBRARY = "libc++";
				CLANG_ENABLE_MODULES = YES;
				CLANG_ENABLE_OBJC_ARC = YES;
				CLANG_WARN_BLOCK_CAPTURE_AUTORELEASING = YES;
				CLANG_WARN_BOOL_CONVERSION = YES;
				CLANG_WARN_COMMA = YES;
				CLANG_WARN_CONSTANT_CONVERSION = YES;
				CLANG_WARN_DIRECT_OBJC_ISA_USAGE = YES_ERROR;
				CLANG_WARN_DOCUMENTATION_COMMENTS = YES;
				CLANG_WARN_EMPTY_BODY = YES;
				CLANG_WARN_ENUM_CONVERSION = YES;
				CLANG_WARN_INFINITE_RECURSION = YES;
				CLANG_WARN_INT_CONVERSION = YES;
				CLANG_WARN_NON_LITERAL_NULL_CONVERSION = YES;
				CLANG_WARN_OBJC_LITERAL_CONVERSION = YES;
				CLANG_WARN_OBJC_ROOT_CLASS = YES_ERROR;
				CLANG_WARN_RANGE_LOOP_ANALYSIS = YES;
				CLANG_WARN_STRICT_PROTOTYPES = YES;
				CLANG_WARN_SUSPICIOUS_MOVE = YES;
				CLANG_WARN_UNGUARDED_AVAILABILITY = YES_AGGRESSIVE;
				CLANG_WARN_UNREACHABLE_CODE = YES;
				CLANG_WARN__DUPLICATE_METHOD_MATCH = YES;
				CODE_SIGN_IDENTITY = "Mac Developer";
				COPY_PHASE_STRIP = NO;
				DEBUG_INFORMATION_FORMAT = dwarf;
				ENABLE_STRICT_OBJC_MSGSEND = YES;
				ENABLE_TESTABILITY = YES;
				GCC_C_LANGUAGE_STANDARD = gnu11;
				GCC_DYNAMIC_NO_PIC = NO;
				GCC_NO_COMMON_BLOCKS = YES;
				GCC_OPTIMIZATION_LEVEL = 0;
				GCC_PREPROCESSOR_DEFINITIONS = (
					"DEBUG=1",
					"$(inherited)",
				);
				GCC_WARN_64_TO_32_BIT_CONVERSION = YES;
				GCC_WARN_ABOUT_RETURN_TYPE = YES_ERROR;
				GCC_WARN_UNDECLARED_SELECTOR = YES;
				GCC_WARN_UNINITIALIZED_AUTOS = YES_AGGRESSIVE;
				GCC_WARN_UNUSED_FUNCTION = YES;
				GCC_WARN_UNUSED_VARIABLE = YES;
				MACOSX_DEPLOYMENT_TARGET = 10.12;
				MTL_ENABLE_DEBUG_INFO = YES;
				ONLY_ACTIVE_ARCH = YES;
				SDKROOT = macosx;
				SWIFT_ACTIVE_COMPILATION_CONDITIONS = DEBUG;
				SWIFT_OPTIMIZATION_LEVEL = "-Onone";
			};
			name = Debug;
		};
		B38DE9DC200746F10074B378 /* Release */ = {
			isa = XCBuildConfiguration;
			buildSettings = {
				ALWAYS_SEARCH_USER_PATHS = NO;
				CLANG_ANALYZER_NONNULL = YES;
				CLANG_ANALYZER_NUMBER_OBJECT_CONVERSION = YES_AGGRESSIVE;
				CLANG_CXX_LANGUAGE_STANDARD = "gnu++14";
				CLANG_CXX_LIBRARY = "libc++";
				CLANG_ENABLE_MODULES = YES;
				CLANG_ENABLE_OBJC_ARC = YES;
				CLANG_WARN_BLOCK_CAPTURE_AUTORELEASING = YES;
				CLANG_WARN_BOOL_CONVERSION = YES;
				CLANG_WARN_COMMA = YES;
				CLANG_WARN_CONSTANT_CONVERSION = YES;
				CLANG_WARN_DIRECT_OBJC_ISA_USAGE = YES_ERROR;
				CLANG_WARN_DOCUMENTATION_COMMENTS = YES;
				CLANG_WARN_EMPTY_BODY = YES;
				CLANG_WARN_ENUM_CONVERSION = YES;
				CLANG_WARN_INFINITE_RECURSION = YES;
				CLANG_WARN_INT_CONVERSION = YES;
				CLANG_WARN_NON_LITERAL_NULL_CONVERSION = YES;
				CLANG_WARN_OBJC_LITERAL_CONVERSION = YES;
				CLANG_WARN_OBJC_ROOT_CLASS = YES_ERROR;
				CLANG_WARN_RANGE_LOOP_ANALYSIS = YES;
				CLANG_WARN_STRICT_PROTOTYPES = YES;
				CLANG_WARN_SUSPICIOUS_MOVE = YES;
				CLANG_WARN_UNGUARDED_AVAILABILITY = YES_AGGRESSIVE;
				CLANG_WARN_UNREACHABLE_CODE = YES;
				CLANG_WARN__DUPLICATE_METHOD_MATCH = YES;
				CODE_SIGN_IDENTITY = "Mac Developer";
				COPY_PHASE_STRIP = NO;
				DEBUG_INFORMATION_FORMAT = "dwarf-with-dsym";
				ENABLE_NS_ASSERTIONS = NO;
				ENABLE_STRICT_OBJC_MSGSEND = YES;
				GCC_C_LANGUAGE_STANDARD = gnu11;
				GCC_NO_COMMON_BLOCKS = YES;
				GCC_WARN_64_TO_32_BIT_CONVERSION = YES;
				GCC_WARN_ABOUT_RETURN_TYPE = YES_ERROR;
				GCC_WARN_UNDECLARED_SELECTOR = YES;
				GCC_WARN_UNINITIALIZED_AUTOS = YES_AGGRESSIVE;
				GCC_WARN_UNUSED_FUNCTION = YES;
				GCC_WARN_UNUSED_VARIABLE = YES;
				MACOSX_DEPLOYMENT_TARGET = 10.12;
				MTL_ENABLE_DEBUG_INFO = NO;
				SDKROOT = macosx;
				SWIFT_OPTIMIZATION_LEVEL = "-Owholemodule";
			};
			name = Release;
		};
		B38DE9DE200746F10074B378 /* Debug */ = {
			isa = XCBuildConfiguration;
			buildSettings = {
				ASSETCATALOG_COMPILER_APPICON_NAME = AppIcon;
				CODE_SIGN_STYLE = Automatic;
				COMBINE_HIDPI_IMAGES = YES;
				DEVELOPMENT_TEAM = 9PJ22KK765;
				FRAMEWORK_SEARCH_PATHS = (
					"$(inherited)",
					"$(PROJECT_DIR)/Carthage/Build/Mac",
				);
				INFOPLIST_FILE = EPCMixpanelDataAnalysisTool/Info.plist;
				LD_RUNPATH_SEARCH_PATHS = "$(inherited) @executable_path/../Frameworks";
				MACOSX_DEPLOYMENT_TARGET = 10.10;
				PRODUCT_BUNDLE_IDENTIFIER = com.expedia.EPCMixpanelDataAnalysisTool;
				PRODUCT_NAME = "$(TARGET_NAME)";
				SWIFT_VERSION = 4.0;
			};
			name = Debug;
		};
		B38DE9DF200746F10074B378 /* Release */ = {
			isa = XCBuildConfiguration;
			buildSettings = {
				ASSETCATALOG_COMPILER_APPICON_NAME = AppIcon;
				CODE_SIGN_STYLE = Automatic;
				COMBINE_HIDPI_IMAGES = YES;
				DEVELOPMENT_TEAM = 9PJ22KK765;
				FRAMEWORK_SEARCH_PATHS = (
					"$(inherited)",
					"$(PROJECT_DIR)/Carthage/Build/Mac",
				);
				INFOPLIST_FILE = EPCMixpanelDataAnalysisTool/Info.plist;
				LD_RUNPATH_SEARCH_PATHS = "$(inherited) @executable_path/../Frameworks";
				MACOSX_DEPLOYMENT_TARGET = 10.10;
				PRODUCT_BUNDLE_IDENTIFIER = com.expedia.EPCMixpanelDataAnalysisTool;
				PRODUCT_NAME = "$(TARGET_NAME)";
				SWIFT_VERSION = 4.0;
			};
			name = Release;
		};
		B38DE9E1200746F10074B378 /* Debug */ = {
			isa = XCBuildConfiguration;
			buildSettings = {
				ALWAYS_EMBED_SWIFT_STANDARD_LIBRARIES = YES;
				BUNDLE_LOADER = "$(TEST_HOST)";
				CODE_SIGN_STYLE = Automatic;
				COMBINE_HIDPI_IMAGES = YES;
				DEVELOPMENT_TEAM = 9PJ22KK765;
				INFOPLIST_FILE = EPCMixpanelDataAnalysisToolTests/Info.plist;
				LD_RUNPATH_SEARCH_PATHS = "$(inherited) @executable_path/../Frameworks @loader_path/../Frameworks";
				PRODUCT_BUNDLE_IDENTIFIER = com.expedia.EPCMixpanelDataAnalysisToolTests;
				PRODUCT_NAME = "$(TARGET_NAME)";
				SWIFT_VERSION = 4.0;
				TEST_HOST = "$(BUILT_PRODUCTS_DIR)/EPCMixpanelDataAnalysisTool.app/Contents/MacOS/EPCMixpanelDataAnalysisTool";
			};
			name = Debug;
		};
		B38DE9E2200746F10074B378 /* Release */ = {
			isa = XCBuildConfiguration;
			buildSettings = {
				ALWAYS_EMBED_SWIFT_STANDARD_LIBRARIES = YES;
				BUNDLE_LOADER = "$(TEST_HOST)";
				CODE_SIGN_STYLE = Automatic;
				COMBINE_HIDPI_IMAGES = YES;
				DEVELOPMENT_TEAM = 9PJ22KK765;
				INFOPLIST_FILE = EPCMixpanelDataAnalysisToolTests/Info.plist;
				LD_RUNPATH_SEARCH_PATHS = "$(inherited) @executable_path/../Frameworks @loader_path/../Frameworks";
				PRODUCT_BUNDLE_IDENTIFIER = com.expedia.EPCMixpanelDataAnalysisToolTests;
				PRODUCT_NAME = "$(TARGET_NAME)";
				SWIFT_VERSION = 4.0;
				TEST_HOST = "$(BUILT_PRODUCTS_DIR)/EPCMixpanelDataAnalysisTool.app/Contents/MacOS/EPCMixpanelDataAnalysisTool";
			};
			name = Release;
		};
		B38DE9E4200746F10074B378 /* Debug */ = {
			isa = XCBuildConfiguration;
			buildSettings = {
				ALWAYS_EMBED_SWIFT_STANDARD_LIBRARIES = YES;
				CODE_SIGN_STYLE = Automatic;
				COMBINE_HIDPI_IMAGES = YES;
				DEVELOPMENT_TEAM = 9PJ22KK765;
				INFOPLIST_FILE = EPCMixpanelDataAnalysisToolUITests/Info.plist;
				LD_RUNPATH_SEARCH_PATHS = "$(inherited) @executable_path/../Frameworks @loader_path/../Frameworks";
				PRODUCT_BUNDLE_IDENTIFIER = com.expedia.EPCMixpanelDataAnalysisToolUITests;
				PRODUCT_NAME = "$(TARGET_NAME)";
				SWIFT_VERSION = 4.0;
				TEST_TARGET_NAME = EPCMixpanelDataAnalysisTool;
			};
			name = Debug;
		};
		B38DE9E5200746F10074B378 /* Release */ = {
			isa = XCBuildConfiguration;
			buildSettings = {
				ALWAYS_EMBED_SWIFT_STANDARD_LIBRARIES = YES;
				CODE_SIGN_STYLE = Automatic;
				COMBINE_HIDPI_IMAGES = YES;
				DEVELOPMENT_TEAM = 9PJ22KK765;
				INFOPLIST_FILE = EPCMixpanelDataAnalysisToolUITests/Info.plist;
				LD_RUNPATH_SEARCH_PATHS = "$(inherited) @executable_path/../Frameworks @loader_path/../Frameworks";
				PRODUCT_BUNDLE_IDENTIFIER = com.expedia.EPCMixpanelDataAnalysisToolUITests;
				PRODUCT_NAME = "$(TARGET_NAME)";
				SWIFT_VERSION = 4.0;
				TEST_TARGET_NAME = EPCMixpanelDataAnalysisTool;
			};
			name = Release;
		};
/* End XCBuildConfiguration section */

/* Begin XCConfigurationList section */
		B38DE9B2200746F00074B378 /* Build configuration list for PBXProject "EPCMixpanelDataAnalysisTool" */ = {
			isa = XCConfigurationList;
			buildConfigurations = (
				B38DE9DB200746F10074B378 /* Debug */,
				B38DE9DC200746F10074B378 /* Release */,
			);
			defaultConfigurationIsVisible = 0;
			defaultConfigurationName = Release;
		};
		B38DE9DD200746F10074B378 /* Build configuration list for PBXNativeTarget "EPCMixpanelDataAnalysisTool" */ = {
			isa = XCConfigurationList;
			buildConfigurations = (
				B38DE9DE200746F10074B378 /* Debug */,
				B38DE9DF200746F10074B378 /* Release */,
			);
			defaultConfigurationIsVisible = 0;
			defaultConfigurationName = Release;
		};
		B38DE9E0200746F10074B378 /* Build configuration list for PBXNativeTarget "EPCMixpanelDataAnalysisToolTests" */ = {
			isa = XCConfigurationList;
			buildConfigurations = (
				B38DE9E1200746F10074B378 /* Debug */,
				B38DE9E2200746F10074B378 /* Release */,
			);
			defaultConfigurationIsVisible = 0;
			defaultConfigurationName = Release;
		};
		B38DE9E3200746F10074B378 /* Build configuration list for PBXNativeTarget "EPCMixpanelDataAnalysisToolUITests" */ = {
			isa = XCConfigurationList;
			buildConfigurations = (
				B38DE9E4200746F10074B378 /* Debug */,
				B38DE9E5200746F10074B378 /* Release */,
			);
			defaultConfigurationIsVisible = 0;
			defaultConfigurationName = Release;
		};
/* End XCConfigurationList section */
	};
	rootObject = B38DE9AF200746F00074B378 /* Project object */;
}
